
Microsoft Visual Studio Solution File, Format Version 12.00
# Visual Studio Version 17
VisualStudioVersion = 17.8.34330.188
MinimumVisualStudioVersion = 10.0.40219.1
Project("{FAE04EC0-301F-11D3-BF4B-00C04F79EFBC}") = "denominationrutine", "denominationrutine\denominationrutine.csproj", "{258E457F-D33A-47BA-B5B8-1E1664FF466B}"
EndProject
Project("{FAE04EC0-301F-11D3-BF4B-00C04F79EFBC}") = "CustomerManagmentAPI", "CustomerManagmentAPI\CustomerManagmentAPI.csproj", "{BB58B0AF-59F3-4BDA-9968-700BB3AB88C5}"
EndProject
Global
	GlobalSection(SolutionConfigurationPlatforms) = preSolution
		Debug|Any CPU = Debug|Any CPU
		Release|Any CPU = Release|Any CPU
	EndGlobalSection
	GlobalSection(ProjectConfigurationPlatforms) = postSolution
		{258E457F-D33A-47BA-B5B8-1E1664FF466B}.Debug|Any CPU.ActiveCfg = Debug|Any CPU
		{258E457F-D33A-47BA-B5B8-1E1664FF466B}.Debug|Any CPU.Build.0 = Debug|Any CPU
		{258E457F-D33A-47BA-B5B8-1E1664FF466B}.Release|Any CPU.ActiveCfg = Release|Any CPU
		{258E457F-D33A-47BA-B5B8-1E1664FF466B}.Release|Any CPU.Build.0 = Release|Any CPU
		{BB58B0AF-59F3-4BDA-9968-700BB3AB88C5}.Debug|Any CPU.ActiveCfg = Debug|Any CPU
		{BB58B0AF-59F3-4BDA-9968-700BB3AB88C5}.Debug|Any CPU.Build.0 = Debug|Any CPU
		{BB58B0AF-59F3-4BDA-9968-700BB3AB88C5}.Release|Any CPU.ActiveCfg = Release|Any CPU
		{BB58B0AF-59F3-4BDA-9968-700BB3AB88C5}.Release|Any CPU.Build.0 = Release|Any CPU
	EndGlobalSection
	GlobalSection(SolutionProperties) = preSolution
		HideSolutionNode = FALSE
	EndGlobalSection
	GlobalSection(ExtensibilityGlobals) = postSolution
		SolutionGuid = {84D3EB04-D0E3-46EF-8758-863B12A23D7C}
	EndGlobalSection
EndGlobal
